dependencies:
- name: elasticsearch
  repository: https://helm.elastic.co
  version: 7.7.0
- name: elasticsearch
  repository: https://helm.elastic.co
  version: 7.7.0
- name: elasticsearch
  repository: https://helm.elastic.co
  version: 7.7.0
- name: kibana
  repository: https://helm.elastic.co
  version: 7.7.0
- name: logstash
  repository: https://helm.elastic.co
  version: 7.7.0
- name: filebeat
  repository: https://helm.elastic.co
  version: 7.7.0
digest: sha256:9a9cd321248df28b4460019476472cdc026572bce6c3b574bb91d1fea07a046f
generated: "2020-05-26T12:03:35.8385+02:00"
